
Microsoft Visual Studio Solution File, Format Version 12.00
# Visual Studio Version 16
VisualStudioVersion = 16.0.32901.82
MinimumVisualStudioVersion = 10.0.40219.1
Project("{8BC9CEB8-8B4A-11D0-8D11-00A0C91BC942}") = "Il2CppGetAllAddresses", "Il2CppGetAllAddresses\Il2CppGetAllAddresses.vcxproj", "{15605DD0-206B-4CB1-BB32-91412135903B}"
EndProject
Global
	GlobalSection(SolutionConfigurationPlatforms) = preSolution
		Debug|x64 = Debug|x64
		Debug|x86 = Debug|x86
		Release|x64 = Release|x64
		Release|x86 = Release|x86
	EndGlobalSection
	GlobalSection(ProjectConfigurationPlatforms) = postSolution
		{15605DD0-206B-4CB1-BB32-91412135903B}.Debug|x64.ActiveCfg = Debug|x64
		{15605DD0-206B-4CB1-BB32-91412135903B}.Debug|x64.Build.0 = Debug|x64
		{15605DD0-206B-4CB1-BB32-91412135903B}.Debug|x86.ActiveCfg = Debug|Win32
		{15605DD0-206B-4CB1-BB32-91412135903B}.Debug|x86.Build.0 = Debug|Win32
		{15605DD0-206B-4CB1-BB32-91412135903B}.Release|x64.ActiveCfg = Release|x64
		{15605DD0-206B-4CB1-BB32-91412135903B}.Release|x64.Build.0 = Release|x64
		{15605DD0-206B-4CB1-BB32-91412135903B}.Release|x86.ActiveCfg = Release|Win32
		{15605DD0-206B-4CB1-BB32-91412135903B}.Release|x86.Build.0 = Release|Win32
	EndGlobalSection
	GlobalSection(SolutionProperties) = preSolution
		HideSolutionNode = FALSE
	EndGlobalSection
	GlobalSection(ExtensibilityGlobals) = postSolution
		SolutionGuid = {026F139E-A22E-4DBB-B04F-50B5F932B3AA}
	EndGlobalSection
EndGlobal
